
Microsoft Visual Studio Solution File, Format Version 12.00
# Visual Studio Version 16
VisualStudioVersion = 16.0.30523.141
MinimumVisualStudioVersion = 10.0.40219.1
Project("{FAE04EC0-301F-11D3-BF4B-00C04F79EFBC}") = "WindowsFormsApp1", "WindowsFormsApp1\WindowsFormsApp1.csproj", "{B97EFAF6-7973-4BC0-8907-F06968AB2ADD}"
EndProject
Global
	GlobalSection(SolutionConfigurationPlatforms) = preSolution
		Debug|Any CPU = Debug|Any CPU
		Release|Any CPU = Release|Any CPU
	EndGlobalSection
	GlobalSection(ProjectConfigurationPlatforms) = postSolution
		{B97EFAF6-7973-4BC0-8907-F06968AB2ADD}.Debug|Any CPU.ActiveCfg = Debug|Any CPU
		{B97EFAF6-7973-4BC0-8907-F06968AB2ADD}.Debug|Any CPU.Build.0 = Debug|Any CPU
		{B97EFAF6-7973-4BC0-8907-F06968AB2ADD}.Release|Any CPU.ActiveCfg = Release|Any CPU
		{B97EFAF6-7973-4BC0-8907-F06968AB2ADD}.Release|Any CPU.Build.0 = Release|Any CPU
	EndGlobalSection
	GlobalSection(SolutionProperties) = preSolution
		HideSolutionNode = FALSE
	EndGlobalSection
	GlobalSection(ExtensibilityGlobals) = postSolution
		SolutionGuid = {3939D98B-B33F-41EB-AE64-FB4B074559D3}
	EndGlobalSection
EndGlobal
